
Microsoft Visual Studio Solution File, Format Version 12.00
# Visual Studio Version 17
VisualStudioVersion = 17.14.36414.22 d17.14
MinimumVisualStudioVersion = 10.0.40219.1
Project("{FAE04EC0-301F-11D3-BF4B-00C04F79EFBC}") = "DL", "DL\DL.csproj", "{376D5B47-8B44-4448-BA88-D2B84424C7BA}"
EndProject
Project("{FAE04EC0-301F-11D3-BF4B-00C04F79EFBC}") = "BL", "BL\BL.csproj", "{0677FCBC-FF62-4F29-923A-D1DD6B20B149}"
EndProject
Project("{FAE04EC0-301F-11D3-BF4B-00C04F79EFBC}") = "ML", "ML\ML.csproj", "{DF5817A0-CA1D-4ECC-8E52-E3CAFE75E3EA}"
EndProject
Project("{FAE04EC0-301F-11D3-BF4B-00C04F79EFBC}") = "SL", "SL\SL.csproj", "{477D1FBB-26F5-4947-AC4E-501DE1BBD182}"
EndProject
Global
	GlobalSection(SolutionConfigurationPlatforms) = preSolution
		Debug|Any CPU = Debug|Any CPU
		Release|Any CPU = Release|Any CPU
	EndGlobalSection
	GlobalSection(ProjectConfigurationPlatforms) = postSolution
		{376D5B47-8B44-4448-BA88-D2B84424C7BA}.Debug|Any CPU.ActiveCfg = Debug|Any CPU
		{376D5B47-8B44-4448-BA88-D2B84424C7BA}.Debug|Any CPU.Build.0 = Debug|Any CPU
		{376D5B47-8B44-4448-BA88-D2B84424C7BA}.Release|Any CPU.ActiveCfg = Release|Any CPU
		{376D5B47-8B44-4448-BA88-D2B84424C7BA}.Release|Any CPU.Build.0 = Release|Any CPU
		{0677FCBC-FF62-4F29-923A-D1DD6B20B149}.Debug|Any CPU.ActiveCfg = Debug|Any CPU
		{0677FCBC-FF62-4F29-923A-D1DD6B20B149}.Debug|Any CPU.Build.0 = Debug|Any CPU
		{0677FCBC-FF62-4F29-923A-D1DD6B20B149}.Release|Any CPU.ActiveCfg = Release|Any CPU
		{0677FCBC-FF62-4F29-923A-D1DD6B20B149}.Release|Any CPU.Build.0 = Release|Any CPU
		{DF5817A0-CA1D-4ECC-8E52-E3CAFE75E3EA}.Debug|Any CPU.ActiveCfg = Debug|Any CPU
		{DF5817A0-CA1D-4ECC-8E52-E3CAFE75E3EA}.Debug|Any CPU.Build.0 = Debug|Any CPU
		{DF5817A0-CA1D-4ECC-8E52-E3CAFE75E3EA}.Release|Any CPU.ActiveCfg = Release|Any CPU
		{DF5817A0-CA1D-4ECC-8E52-E3CAFE75E3EA}.Release|Any CPU.Build.0 = Release|Any CPU
		{477D1FBB-26F5-4947-AC4E-501DE1BBD182}.Debug|Any CPU.ActiveCfg = Debug|Any CPU
		{477D1FBB-26F5-4947-AC4E-501DE1BBD182}.Debug|Any CPU.Build.0 = Debug|Any CPU
		{477D1FBB-26F5-4947-AC4E-501DE1BBD182}.Release|Any CPU.ActiveCfg = Release|Any CPU
		{477D1FBB-26F5-4947-AC4E-501DE1BBD182}.Release|Any CPU.Build.0 = Release|Any CPU
	EndGlobalSection
	GlobalSection(SolutionProperties) = preSolution
		HideSolutionNode = FALSE
	EndGlobalSection
	GlobalSection(ExtensibilityGlobals) = postSolution
		SolutionGuid = {6F6DFF5A-FA83-4D45-AD00-E0B6FFFAFDB2}
	EndGlobalSection
EndGlobal
